
Microsoft Visual Studio Solution File, Format Version 12.00
# Visual Studio Version 17
VisualStudioVersion = 17.0.31903.59
MinimumVisualStudioVersion = 10.0.40219.1
Project("{FAE04EC0-301F-11D3-BF4B-00C04F79EFBC}") = "WDPS.Core", "WDPS.Core\WDPS.Core.csproj", "{B53FEE85-06EC-4AD6-A8CF-AE51283215A9}"
EndProject
Project("{FAE04EC0-301F-11D3-BF4B-00C04F79EFBC}") = "WDPS.Tests", "WDPS.Tests\WDPS.Tests.csproj", "{FAD35BE7-9E6C-4537-B1FD-A31CF82C0FD0}"
EndProject
Global
	GlobalSection(SolutionConfigurationPlatforms) = preSolution
		Debug|Any CPU = Debug|Any CPU
		Release|Any CPU = Release|Any CPU
	EndGlobalSection
	GlobalSection(SolutionProperties) = preSolution
		HideSolutionNode = FALSE
	EndGlobalSection
	GlobalSection(ProjectConfigurationPlatforms) = postSolution
		{B53FEE85-06EC-4AD6-A8CF-AE51283215A9}.Debug|Any CPU.ActiveCfg = Debug|Any CPU
		{B53FEE85-06EC-4AD6-A8CF-AE51283215A9}.Debug|Any CPU.Build.0 = Debug|Any CPU
		{B53FEE85-06EC-4AD6-A8CF-AE51283215A9}.Release|Any CPU.ActiveCfg = Release|Any CPU
		{B53FEE85-06EC-4AD6-A8CF-AE51283215A9}.Release|Any CPU.Build.0 = Release|Any CPU
		{FAD35BE7-9E6C-4537-B1FD-A31CF82C0FD0}.Debug|Any CPU.ActiveCfg = Debug|Any CPU
		{FAD35BE7-9E6C-4537-B1FD-A31CF82C0FD0}.Debug|Any CPU.Build.0 = Debug|Any CPU
		{FAD35BE7-9E6C-4537-B1FD-A31CF82C0FD0}.Release|Any CPU.ActiveCfg = Release|Any CPU
		{FAD35BE7-9E6C-4537-B1FD-A31CF82C0FD0}.Release|Any CPU.Build.0 = Release|Any CPU
	EndGlobalSection
EndGlobal
